
Microsoft Visual Studio Solution File, Format Version 12.00
# Visual Studio Version 17
VisualStudioVersion = 17.7.34031.279
MinimumVisualStudioVersion = 10.0.40219.1
Project("{FAE04EC0-301F-11D3-BF4B-00C04F79EFBC}") = "HelloWorld", "HelloWorld\HelloWorld.csproj", "{5CF1D7BD-978E-486B-834D-66B2D809F8D4}"
EndProject
Project("{FAE04EC0-301F-11D3-BF4B-00C04F79EFBC}") = "SimpleIO", "SimpleIO\SimpleIO.csproj", "{DDE34ABF-787B-4D5D-979B-C7934C2833DD}"
EndProject
Project("{FAE04EC0-301F-11D3-BF4B-00C04F79EFBC}") = "Convertions", "Convertions\Convertions.csproj", "{CDD37900-0808-48CB-9FA6-EF953472F076}"
EndProject
Global
	GlobalSection(SolutionConfigurationPlatforms) = preSolution
		Debug|Any CPU = Debug|Any CPU
		Release|Any CPU = Release|Any CPU
	EndGlobalSection
	GlobalSection(ProjectConfigurationPlatforms) = postSolution
		{5CF1D7BD-978E-486B-834D-66B2D809F8D4}.Debug|Any CPU.ActiveCfg = Debug|Any CPU
		{5CF1D7BD-978E-486B-834D-66B2D809F8D4}.Debug|Any CPU.Build.0 = Debug|Any CPU
		{5CF1D7BD-978E-486B-834D-66B2D809F8D4}.Release|Any CPU.ActiveCfg = Release|Any CPU
		{5CF1D7BD-978E-486B-834D-66B2D809F8D4}.Release|Any CPU.Build.0 = Release|Any CPU
		{DDE34ABF-787B-4D5D-979B-C7934C2833DD}.Debug|Any CPU.ActiveCfg = Debug|Any CPU
		{DDE34ABF-787B-4D5D-979B-C7934C2833DD}.Debug|Any CPU.Build.0 = Debug|Any CPU
		{DDE34ABF-787B-4D5D-979B-C7934C2833DD}.Release|Any CPU.ActiveCfg = Release|Any CPU
		{DDE34ABF-787B-4D5D-979B-C7934C2833DD}.Release|Any CPU.Build.0 = Release|Any CPU
		{CDD37900-0808-48CB-9FA6-EF953472F076}.Debug|Any CPU.ActiveCfg = Debug|Any CPU
		{CDD37900-0808-48CB-9FA6-EF953472F076}.Debug|Any CPU.Build.0 = Debug|Any CPU
		{CDD37900-0808-48CB-9FA6-EF953472F076}.Release|Any CPU.ActiveCfg = Release|Any CPU
		{CDD37900-0808-48CB-9FA6-EF953472F076}.Release|Any CPU.Build.0 = Release|Any CPU
	EndGlobalSection
	GlobalSection(SolutionProperties) = preSolution
		HideSolutionNode = FALSE
	EndGlobalSection
	GlobalSection(ExtensibilityGlobals) = postSolution
		SolutionGuid = {D6219421-DC3F-4E2D-B42A-62F70A52D8EB}
	EndGlobalSection
EndGlobal
